
Microsoft Visual Studio Solution File, Format Version 12.00
# Visual Studio 2013
VisualStudioVersion = 12.0.40629.0
MinimumVisualStudioVersion = 10.0.40219.1
Project("{FAE04EC0-301F-11D3-BF4B-00C04F79EFBC}") = "Service", "WcfTrainingExample\Service.csproj", "{F72B9973-6958-4FE0-BD96-4779417457CE}"
EndProject
Project("{FAE04EC0-301F-11D3-BF4B-00C04F79EFBC}") = "ReferenceClient", "ReferenceClient\ReferenceClient.csproj", "{1CF81248-630A-4F02-8DAB-CA297B3E7F51}"
	ProjectSection(ProjectDependencies) = postProject
		{F72B9973-6958-4FE0-BD96-4779417457CE} = {F72B9973-6958-4FE0-BD96-4779417457CE}
	EndProjectSection
EndProject
Project("{FAE04EC0-301F-11D3-BF4B-00C04F79EFBC}") = "ProxyClient", "ProxyClient\ProxyClient.csproj", "{20A579DD-48F0-431D-9520-1F9B4F45FC4E}"
EndProject
Project("{FAE04EC0-301F-11D3-BF4B-00C04F79EFBC}") = "WebClient", "WebClient\WebClient.csproj", "{52A0C0EE-7D0E-4398-B696-243AA2CCBD4C}"
EndProject
Project("{FAE04EC0-301F-11D3-BF4B-00C04F79EFBC}") = "HttpClient", "HttpClient\HttpClient.csproj", "{75662769-7B96-4DFD-B4EE-8AF34DE9B804}"
EndProject
Global
	GlobalSection(SolutionConfigurationPlatforms) = preSolution
		Debug|Any CPU = Debug|Any CPU
		Release|Any CPU = Release|Any CPU
	EndGlobalSection
	GlobalSection(ProjectConfigurationPlatforms) = postSolution
		{F72B9973-6958-4FE0-BD96-4779417457CE}.Debug|Any CPU.ActiveCfg = Debug|Any CPU
		{F72B9973-6958-4FE0-BD96-4779417457CE}.Debug|Any CPU.Build.0 = Debug|Any CPU
		{F72B9973-6958-4FE0-BD96-4779417457CE}.Release|Any CPU.ActiveCfg = Release|Any CPU
		{F72B9973-6958-4FE0-BD96-4779417457CE}.Release|Any CPU.Build.0 = Release|Any CPU
		{1CF81248-630A-4F02-8DAB-CA297B3E7F51}.Debug|Any CPU.ActiveCfg = Debug|Any CPU
		{1CF81248-630A-4F02-8DAB-CA297B3E7F51}.Debug|Any CPU.Build.0 = Debug|Any CPU
		{1CF81248-630A-4F02-8DAB-CA297B3E7F51}.Release|Any CPU.ActiveCfg = Release|Any CPU
		{1CF81248-630A-4F02-8DAB-CA297B3E7F51}.Release|Any CPU.Build.0 = Release|Any CPU
		{20A579DD-48F0-431D-9520-1F9B4F45FC4E}.Debug|Any CPU.ActiveCfg = Debug|Any CPU
		{20A579DD-48F0-431D-9520-1F9B4F45FC4E}.Debug|Any CPU.Build.0 = Debug|Any CPU
		{20A579DD-48F0-431D-9520-1F9B4F45FC4E}.Release|Any CPU.ActiveCfg = Release|Any CPU
		{20A579DD-48F0-431D-9520-1F9B4F45FC4E}.Release|Any CPU.Build.0 = Release|Any CPU
		{52A0C0EE-7D0E-4398-B696-243AA2CCBD4C}.Debug|Any CPU.ActiveCfg = Debug|Any CPU
		{52A0C0EE-7D0E-4398-B696-243AA2CCBD4C}.Debug|Any CPU.Build.0 = Debug|Any CPU
		{52A0C0EE-7D0E-4398-B696-243AA2CCBD4C}.Release|Any CPU.ActiveCfg = Release|Any CPU
		{52A0C0EE-7D0E-4398-B696-243AA2CCBD4C}.Release|Any CPU.Build.0 = Release|Any CPU
		{75662769-7B96-4DFD-B4EE-8AF34DE9B804}.Debug|Any CPU.ActiveCfg = Debug|Any CPU
		{75662769-7B96-4DFD-B4EE-8AF34DE9B804}.Debug|Any CPU.Build.0 = Debug|Any CPU
		{75662769-7B96-4DFD-B4EE-8AF34DE9B804}.Release|Any CPU.ActiveCfg = Release|Any CPU
		{75662769-7B96-4DFD-B4EE-8AF34DE9B804}.Release|Any CPU.Build.0 = Release|Any CPU
	EndGlobalSection
	GlobalSection(SolutionProperties) = preSolution
		HideSolutionNode = FALSE
	EndGlobalSection
EndGlobal
